// !$*UTF8*$!
{
	archiveVersion = 1;
	classes = {
	};
	objectVersion = 56;
	objects = {

/* Begin PBXBuildFile section */
		775AE7FB30559BCA007BB968 /* GannyuAppleEngine.swift in Sources */ = {isa = PBXBuildFile; fileRef = A00000000000000000000014 /* GannyuAppleEngine.swift */; };
		775AE7FC30559BCA007BB968 /* ../../build/ios/GannyuInputFFI.xcframework in Frameworks */ = {isa = PBXBuildFile; fileRef = A00000000000000000000019 /* ../../build/ios/GannyuInputFFI.xcframework */; };
		A00000000000000000000001 /* AppDelegate.swift in Sources */ = {isa = PBXBuildFile; fileRef = A00000000000000000000011 /* AppDelegate.swift */; };
		A00000000000000000000002 /* RegionSettingsViewController.swift in Sources */ = {isa = PBXBuildFile; fileRef = A00000000000000000000012 /* RegionSettingsViewController.swift */; };
		A0000000000000000000000C /* TutorialViewController.swift in Sources */ = {isa = PBXBuildFile; fileRef = A0000000000000000000001E /* TutorialViewController.swift */; };
		A0000000000000000000000D /* tutorial.html in Resources */ = {isa = PBXBuildFile; fileRef = A0000000000000000000001F /* tutorial.html */; };
		A0000000000000000000000E /* Assets.xcassets in Resources */ = {isa = PBXBuildFile; fileRef = A00000000000000000000025 /* Assets.xcassets */; };
		A00000000000000000000003 /* KeyboardViewController.swift in Sources */ = {isa = PBXBuildFile; fileRef = A00000000000000000000013 /* KeyboardViewController.swift */; };
		A00000000000000000000004 /* GannyuAppleEngine.swift in Sources */ = {isa = PBXBuildFile; fileRef = A00000000000000000000014 /* GannyuAppleEngine.swift */; };
		A00000000000000000000009 /* ../../build/ios/GannyuInputFFI.xcframework in Frameworks */ = {isa = PBXBuildFile; fileRef = A00000000000000000000019 /* ../../build/ios/GannyuInputFFI.xcframework */; };
		A0000000000000000000000A /* ../../build/ios/rime in Resources */ = {isa = PBXBuildFile; fileRef = A0000000000000000000001D /* ../../build/ios/rime */; };
		A0000000000000000000000B /* GonnyuKeyboard.appex in Embed Keyboard Extension */ = {isa = PBXBuildFile; fileRef = A0000000000000000000001B /* GonnyuKeyboard.appex */; settings = {ATTRIBUTES = (CodeSignOnCopy, RemoveHeadersOnCopy, ); }; };
/* End PBXBuildFile section */

/* Begin PBXContainerItemProxy section */
		A00000000000000000000081 /* PBXContainerItemProxy */ = {
			isa = PBXContainerItemProxy;
			containerPortal = A00000000000000000000090 /* Project object */;
			proxyType = 1;
			remoteGlobalIDString = A00000000000000000000061;
			remoteInfo = GonnyuKeyboard;
		};
/* End PBXContainerItemProxy section */

/* Begin PBXCopyFilesBuildPhase section */
		A00000000000000000000050 /* Embed Keyboard Extension */ = {
			isa = PBXCopyFilesBuildPhase;
			buildActionMask = 2147483647;
			dstPath = "";
			dstSubfolderSpec = 13;
			files = (
				A0000000000000000000000B /* GonnyuKeyboard.appex in Embed Keyboard Extension */,
			);
			name = "Embed Keyboard Extension";
			runOnlyForDeploymentPostprocessing = 0;
		};
/* End PBXCopyFilesBuildPhase section */

/* Begin PBXFileReference section */
		A00000000000000000000011 /* AppDelegate.swift */ = {isa = PBXFileReference; lastKnownFileType = sourcecode.swift; path = AppDelegate.swift; sourceTree = "<group>"; };
		A00000000000000000000012 /* RegionSettingsViewController.swift */ = {isa = PBXFileReference; lastKnownFileType = sourcecode.swift; path = RegionSettingsViewController.swift; sourceTree = "<group>"; };
		A00000000000000000000013 /* KeyboardViewController.swift */ = {isa = PBXFileReference; lastKnownFileType = sourcecode.swift; path = KeyboardViewController.swift; sourceTree = "<group>"; };
		A00000000000000000000014 /* GannyuAppleEngine.swift */ = {isa = PBXFileReference; lastKnownFileType = sourcecode.swift; path = GannyuAppleEngine.swift; sourceTree = "<group>"; };
		A00000000000000000000015 /* GannyuInput/Info.plist */ = {isa = PBXFileReference; lastKnownFileType = text.plist.xml; path = GannyuInput/Info.plist; sourceTree = SOURCE_ROOT; };
		A00000000000000000000016 /* GannyuInput/GannyuInput.entitlements */ = {isa = PBXFileReference; lastKnownFileType = text.plist.entitlements; path = GannyuInput/GannyuInput.entitlements; sourceTree = SOURCE_ROOT; };
		A00000000000000000000017 /* GannyuKeyboard/Info.plist */ = {isa = PBXFileReference; lastKnownFileType = text.plist.xml; path = GannyuKeyboard/Info.plist; sourceTree = SOURCE_ROOT; };
		A00000000000000000000018 /* GannyuKeyboard/GannyuKeyboard.entitlements */ = {isa = PBXFileReference; lastKnownFileType = text.plist.entitlements; path = GannyuKeyboard/GannyuKeyboard.entitlements; sourceTree = SOURCE_ROOT; };
		A00000000000000000000019 /* ../../build/ios/GannyuInputFFI.xcframework */ = {isa = PBXFileReference; lastKnownFileType = wrapper.xcframework; path = ../../build/ios/GannyuInputFFI.xcframework; sourceTree = SOURCE_ROOT; };
		A0000000000000000000001A /* Config/Signing.xcconfig */ = {isa = PBXFileReference; lastKnownFileType = text.xcconfig; path = Config/Signing.xcconfig; sourceTree = SOURCE_ROOT; };
		A0000000000000000000001B /* GonnyuKeyboard.appex */ = {isa = PBXFileReference; explicitFileType = "wrapper.app-extension"; path = GonnyuKeyboard.appex; sourceTree = BUILT_PRODUCTS_DIR; };
		A0000000000000000000001C /* GonnyuInputMethod.app */ = {isa = PBXFileReference; explicitFileType = wrapper.application; path = GonnyuInputMethod.app; sourceTree = BUILT_PRODUCTS_DIR; };
		A0000000000000000000001D /* ../../build/ios/rime */ = {isa = PBXFileReference; explicitFileType = folder; path = ../../build/ios/rime; sourceTree = SOURCE_ROOT; };
		A0000000000000000000001E /* TutorialViewController.swift */ = {isa = PBXFileReference; lastKnownFileType = sourcecode.swift; path = TutorialViewController.swift; sourceTree = "<group>"; };
		A0000000000000000000001F /* tutorial.html */ = {isa = PBXFileReference; lastKnownFileType = text.html; path = ../../resources/tutorial/tutorial.html; sourceTree = SOURCE_ROOT; };
		A00000000000000000000025 /* Assets.xcassets */ = {isa = PBXFileReference; lastKnownFileType = folder.assetcatalog; path = GannyuInput/Assets.xcassets; sourceTree = SOURCE_ROOT; };
/* End PBXFileReference section */

/* Begin PBXFrameworksBuildPhase section */
		A00000000000000000000030 /* Frameworks */ = {
			isa = PBXFrameworksBuildPhase;
			buildActionMask = 2147483647;
			files = (
				775AE7FC30559BCA007BB968 /* ../../build/ios/GannyuInputFFI.xcframework in Frameworks */,
			);
			runOnlyForDeploymentPostprocessing = 0;
		};
		A00000000000000000000031 /* Frameworks */ = {
			isa = PBXFrameworksBuildPhase;
			buildActionMask = 2147483647;
			files = (
				A00000000000000000000009 /* ../../build/ios/GannyuInputFFI.xcframework in Frameworks */,
			);
			runOnlyForDeploymentPostprocessing = 0;
		};
/* End PBXFrameworksBuildPhase section */

/* Begin PBXGroup section */
		775AE7FD30559BCA007BB968 /* Recovered References */ = {
			isa = PBXGroup;
			children = (
				A0000000000000000000001A /* Config/Signing.xcconfig */,
			);
			name = "Recovered References";
			sourceTree = "<group>";
		};
		A00000000000000000000020 = {
			isa = PBXGroup;
			children = (
				A00000000000000000000021 /* Sources/GannyuInput */,
				A00000000000000000000022 /* Sources/GannyuKeyboard */,
				A00000000000000000000023 /* Sources/GannyuAppleSupport */,
				A00000000000000000000019 /* ../../build/ios/GannyuInputFFI.xcframework */,
				A0000000000000000000001D /* ../../build/ios/rime */,
				A0000000000000000000001F /* tutorial.html */,
				A00000000000000000000025 /* Assets.xcassets */,
				A00000000000000000000024 /* Products */,
				775AE7FD30559BCA007BB968 /* Recovered References */,
			);
			sourceTree = "<group>";
		};
		A00000000000000000000021 /* Sources/GannyuInput */ = {
			isa = PBXGroup;
			children = (
				A00000000000000000000011 /* AppDelegate.swift */,
				A00000000000000000000012 /* RegionSettingsViewController.swift */,
				A0000000000000000000001E /* TutorialViewController.swift */,
				A00000000000000000000015 /* GannyuInput/Info.plist */,
				A00000000000000000000016 /* GannyuInput/GannyuInput.entitlements */,
			);
			path = Sources/GannyuInput;
			sourceTree = SOURCE_ROOT;
		};
		A00000000000000000000022 /* Sources/GannyuKeyboard */ = {
			isa = PBXGroup;
			children = (
				A00000000000000000000013 /* KeyboardViewController.swift */,
				A00000000000000000000017 /* GannyuKeyboard/Info.plist */,
				A00000000000000000000018 /* GannyuKeyboard/GannyuKeyboard.entitlements */,
			);
			path = Sources/GannyuKeyboard;
			sourceTree = SOURCE_ROOT;
		};
		A00000000000000000000023 /* Sources/GannyuAppleSupport */ = {
			isa = PBXGroup;
			children = (
				A00000000000000000000014 /* GannyuAppleEngine.swift */,
			);
			path = Sources/GannyuAppleSupport;
			sourceTree = SOURCE_ROOT;
		};
		A00000000000000000000024 /* Products */ = {
			isa = PBXGroup;
			children = (
				A0000000000000000000001C /* GonnyuInputMethod.app */,
				A0000000000000000000001B /* GonnyuKeyboard.appex */,
			);
			name = Products;
			sourceTree = "<group>";
		};
/* End PBXGroup section */

/* Begin PBXNativeTarget section */
		A00000000000000000000060 /* GonnyuInput */ = {
			isa = PBXNativeTarget;
			buildConfigurationList = A00000000000000000000070 /* Build configuration list for PBXNativeTarget "GonnyuInput" */;
			buildPhases = (
				A00000000000000000000040 /* Sources */,
				A00000000000000000000030 /* Frameworks */,
				A00000000000000000000042 /* Resources */,
				A00000000000000000000050 /* Embed Keyboard Extension */,
			);
			buildRules = (
			);
			dependencies = (
				A00000000000000000000080 /* PBXTargetDependency */,
			);
			name = GonnyuInput;
			productName = GonnyuInput;
			productReference = A0000000000000000000001C /* GonnyuInputMethod.app */;
			productType = "com.apple.product-type.application";
		};
		A00000000000000000000061 /* GonnyuKeyboard */ = {
			isa = PBXNativeTarget;
			buildConfigurationList = A00000000000000000000071 /* Build configuration list for PBXNativeTarget "GonnyuKeyboard" */;
			buildPhases = (
				A00000000000000000000041 /* Sources */,
				A00000000000000000000031 /* Frameworks */,
			);
			buildRules = (
			);
			dependencies = (
			);
			name = GonnyuKeyboard;
			productName = GonnyuKeyboard;
			productReference = A0000000000000000000001B /* GonnyuKeyboard.appex */;
			productType = "com.apple.product-type.app-extension";
		};
/* End PBXNativeTarget section */

/* Begin PBXProject section */
		A00000000000000000000090 /* Project object */ = {
			isa = PBXProject;
			attributes = {
				LastUpgradeCheck = 1600;
				TargetAttributes = {
					A00000000000000000000060 = {
						ProvisioningStyle = Automatic;
					};
					A00000000000000000000061 = {
						ProvisioningStyle = Automatic;
					};
				};
			};
			buildConfigurationList = A00000000000000000000092 /* Build configuration list for PBXProject "GonnyuInput" */;
			compatibilityVersion = "Xcode 14.0";
			developmentRegion = en;
			hasScannedForEncodings = 0;
			knownRegions = (
				en,
				"zh-Hans",
				Base,
			);
			mainGroup = A00000000000000000000020;
			productRefGroup = A00000000000000000000024 /* Products */;
			projectDirPath = "";
			projectRoot = "";
			targets = (
				A00000000000000000000060 /* GonnyuInput */,
				A00000000000000000000061 /* GonnyuKeyboard */,
			);
		};
/* End PBXProject section */

/* Begin PBXResourcesBuildPhase section */
		A00000000000000000000042 /* Resources */ = {
			isa = PBXResourcesBuildPhase;
			buildActionMask = 2147483647;
			files = (
				A0000000000000000000000A /* ../../build/ios/rime in Resources */,
				A0000000000000000000000D /* tutorial.html in Resources */,
				A0000000000000000000000E /* Assets.xcassets in Resources */,
			);
			runOnlyForDeploymentPostprocessing = 0;
		};
/* End PBXResourcesBuildPhase section */

/* Begin PBXSourcesBuildPhase section */
		A00000000000000000000040 /* Sources */ = {
			isa = PBXSourcesBuildPhase;
			buildActionMask = 2147483647;
			files = (
				A00000000000000000000001 /* AppDelegate.swift in Sources */,
				A00000000000000000000002 /* RegionSettingsViewController.swift in Sources */,
				A0000000000000000000000C /* TutorialViewController.swift in Sources */,
				775AE7FB30559BCA007BB968 /* GannyuAppleEngine.swift in Sources */,
			);
			runOnlyForDeploymentPostprocessing = 0;
		};
		A00000000000000000000041 /* Sources */ = {
			isa = PBXSourcesBuildPhase;
			buildActionMask = 2147483647;
			files = (
				A00000000000000000000003 /* KeyboardViewController.swift in Sources */,
				A00000000000000000000004 /* GannyuAppleEngine.swift in Sources */,
			);
			runOnlyForDeploymentPostprocessing = 0;
		};
/* End PBXSourcesBuildPhase section */

/* Begin PBXTargetDependency section */
		A00000000000000000000080 /* PBXTargetDependency */ = {
			isa = PBXTargetDependency;
			target = A00000000000000000000061 /* GannyuKeyboard */;
			targetProxy = A00000000000000000000081 /* PBXContainerItemProxy */;
		};
/* End PBXTargetDependency section */

/* Begin XCBuildConfiguration section */
		A00000000000000000000072 /* Release */ = {
			isa = XCBuildConfiguration;
			baseConfigurationReference = A0000000000000000000001A /* Config/Signing.xcconfig */;
			buildSettings = {
				CODE_SIGN_ENTITLEMENTS = GannyuInput/GannyuInput.entitlements;
				CURRENT_PROJECT_VERSION = 1;
				INFOPLIST_FILE = GannyuInput/Info.plist;
				IPHONEOS_DEPLOYMENT_TARGET = 16.0;
				MARKETING_VERSION = 0.2.4;
				ASSETCATALOG_COMPILER_APPICON_NAME = AppIcon;
				PRODUCT_BUNDLE_IDENTIFIER = "$(GANNYU_APP_BUNDLE_IDENTIFIER)";
				PRODUCT_MODULE_NAME = GonnyuInput;
				PRODUCT_NAME = GonnyuInputMethod;
				OTHER_LDFLAGS = (
					"-force_load",
					"$(BUILT_PRODUCTS_DIR)/libgannyu_input_ffi.a",
				);
				SDKROOT = iphoneos;
				SUPPORTED_PLATFORMS = "iphoneos iphonesimulator";
				SWIFT_VERSION = 5.10;
				TARGETED_DEVICE_FAMILY = "1,2";
			};
			name = Release;
		};
		A00000000000000000000073 /* Release */ = {
			isa = XCBuildConfiguration;
			baseConfigurationReference = A0000000000000000000001A /* Config/Signing.xcconfig */;
			buildSettings = {
				APPLICATION_EXTENSION_API_ONLY = YES;
				CODE_SIGN_ENTITLEMENTS = GannyuKeyboard/GannyuKeyboard.entitlements;
				CURRENT_PROJECT_VERSION = 1;
				INFOPLIST_FILE = GannyuKeyboard/Info.plist;
				IPHONEOS_DEPLOYMENT_TARGET = 16.0;
				MARKETING_VERSION = 0.2.4;
				PRODUCT_BUNDLE_IDENTIFIER = "$(GANNYU_KEYBOARD_BUNDLE_IDENTIFIER)";
				PRODUCT_MODULE_NAME = GonnyuKeyboard;
				PRODUCT_NAME = GonnyuKeyboard;
				OTHER_LDFLAGS = (
					"-force_load",
					"$(BUILT_PRODUCTS_DIR)/libgannyu_input_ffi.a",
				);
				SDKROOT = iphoneos;
				SUPPORTED_PLATFORMS = "iphoneos iphonesimulator";
				SWIFT_VERSION = 5.10;
				TARGETED_DEVICE_FAMILY = "1,2";
			};
			name = Release;
		};
		A00000000000000000000091 /* Release */ = {
			isa = XCBuildConfiguration;
			buildSettings = {
				IPHONEOS_DEPLOYMENT_TARGET = 16.0;
			};
			name = Release;
		};
/* End XCBuildConfiguration section */

/* Begin XCConfigurationList section */
		A00000000000000000000070 /* Build configuration list for PBXNativeTarget "GannyuInput" */ = {
			isa = XCConfigurationList;
			buildConfigurations = (
				A00000000000000000000072 /* Release */,
			);
			defaultConfigurationIsVisible = 0;
			defaultConfigurationName = Release;
		};
		A00000000000000000000071 /* Build configuration list for PBXNativeTarget "GannyuKeyboard" */ = {
			isa = XCConfigurationList;
			buildConfigurations = (
				A00000000000000000000073 /* Release */,
			);
			defaultConfigurationIsVisible = 0;
			defaultConfigurationName = Release;
		};
		A00000000000000000000092 /* Build configuration list for PBXProject "GonnyuInput" */ = {
			isa = XCConfigurationList;
			buildConfigurations = (
				A00000000000000000000091 /* Release */,
			);
			defaultConfigurationIsVisible = 0;
			defaultConfigurationName = Release;
		};
/* End XCConfigurationList section */
	};
	rootObject = A00000000000000000000090 /* Project object */;
}
